
Microsoft Visual Studio Solution File, Format Version 12.00
# Visual Studio Version 17
VisualStudioVersion = 17.7.34202.233
MinimumVisualStudioVersion = 10.0.40219.1
Project("{FAE04EC0-301F-11D3-BF4B-00C04F79EFBC}") = "BlankApp1", "BlankApp1\BlankApp1\BlankApp1.csproj", "{EA84F541-EF3E-49E2-A796-9A749C035D60}"
EndProject
Project("{FAE04EC0-301F-11D3-BF4B-00C04F79EFBC}") = "BlankApp1.Android", "BlankApp1\BlankApp1.Android\BlankApp1.Android.csproj", "{53F68A5F-DD29-4DCA-9EB7-14DF5BBB54EB}"
EndProject
Global
	GlobalSection(SolutionConfigurationPlatforms) = preSolution
		Debug|Any CPU = Debug|Any CPU
		Release|Any CPU = Release|Any CPU
	EndGlobalSection
	GlobalSection(ProjectConfigurationPlatforms) = postSolution
		{EA84F541-EF3E-49E2-A796-9A749C035D60}.Debug|Any CPU.ActiveCfg = Debug|Any CPU
		{EA84F541-EF3E-49E2-A796-9A749C035D60}.Debug|Any CPU.Build.0 = Debug|Any CPU
		{EA84F541-EF3E-49E2-A796-9A749C035D60}.Release|Any CPU.ActiveCfg = Release|Any CPU
		{EA84F541-EF3E-49E2-A796-9A749C035D60}.Release|Any CPU.Build.0 = Release|Any CPU
		{53F68A5F-DD29-4DCA-9EB7-14DF5BBB54EB}.Debug|Any CPU.ActiveCfg = Debug|Any CPU
		{53F68A5F-DD29-4DCA-9EB7-14DF5BBB54EB}.Debug|Any CPU.Build.0 = Debug|Any CPU
		{53F68A5F-DD29-4DCA-9EB7-14DF5BBB54EB}.Debug|Any CPU.Deploy.0 = Debug|Any CPU
		{53F68A5F-DD29-4DCA-9EB7-14DF5BBB54EB}.Release|Any CPU.ActiveCfg = Release|Any CPU
		{53F68A5F-DD29-4DCA-9EB7-14DF5BBB54EB}.Release|Any CPU.Build.0 = Release|Any CPU
		{53F68A5F-DD29-4DCA-9EB7-14DF5BBB54EB}.Release|Any CPU.Deploy.0 = Release|Any CPU
	EndGlobalSection
	GlobalSection(SolutionProperties) = preSolution
		HideSolutionNode = FALSE
	EndGlobalSection
	GlobalSection(ExtensibilityGlobals) = postSolution
		SolutionGuid = {3C430458-01ED-4034-B11F-3EC6BFADB174}
	EndGlobalSection
EndGlobal
